// !$*UTF8*$!
{
	archiveVersion = 1;
	classes = {
	};
	objectVersion = 46;
	objects = {

/* Begin PBXBuildFile section */
		109E5A361D1A737F00C75828 /* AppDelegate.swift in Sources */ = {isa = PBXBuildFile; fileRef = 109E5A351D1A737F00C75828 /* AppDelegate.swift */; };
		109E5A381D1A737F00C75828 /* ViewController.swift in Sources */ = {isa = PBXBuildFile; fileRef = 109E5A371D1A737F00C75828 /* ViewController.swift */; };
		109E5A3B1D1A737F00C75828 /* Main.storyboard in Resources */ = {isa = PBXBuildFile; fileRef = 109E5A391D1A737F00C75828 /* Main.storyboard */; };
		109E5A3D1D1A737F00C75828 /* Assets.xcassets in Resources */ = {isa = PBXBuildFile; fileRef = 109E5A3C1D1A737F00C75828 /* Assets.xcassets */; };
		109E5A401D1A737F00C75828 /* LaunchScreen.storyboard in Resources */ = {isa = PBXBuildFile; fileRef = 109E5A3E1D1A737F00C75828 /* LaunchScreen.storyboard */; };
		109E5A4B1D1A737F00C75828 /* calculatorTests.swift in Sources */ = {isa = PBXBuildFile; fileRef = 109E5A4A1D1A737F00C75828 /* calculatorTests.swift */; };
		109E5A561D1A737F00C75828 /* calculatorUITests.swift in Sources */ = {isa = PBXBuildFile; fileRef = 109E5A551D1A737F00C75828 /* calculatorUITests.swift */; };
/* End PBXBuildFile section */

/* Begin PBXContainerItemProxy section */
		109E5A471D1A737F00C75828 /* PBXContainerItemProxy */ = {
			isa = PBXContainerItemProxy;
			containerPortal = 109E5A2A1D1A737F00C75828 /* Project object */;
			proxyType = 1;
			remoteGlobalIDString = 109E5A311D1A737F00C75828;
			remoteInfo = calculator;
		};
		109E5A521D1A737F00C75828 /* PBXContainerItemProxy */ = {
			isa = PBXContainerItemProxy;
			containerPortal = 109E5A2A1D1A737F00C75828 /* Project object */;
			proxyType = 1;
			remoteGlobalIDString = 109E5A311D1A737F00C75828;
			remoteInfo = calculator;
		};
/* End PBXContainerItemProxy section */

/* Begin PBXFileReference section */
		109E5A321D1A737F00C75828 /* calculator.app */ = {isa = PBXFileReference; explicitFileType = wrapper.application; includeInIndex = 0; path = calculator.app; sourceTree = BUILT_PRODUCTS_DIR; };
		109E5A351D1A737F00C75828 /* AppDelegate.swift */ = {isa = PBXFileReference; lastKnownFileType = sourcecode.swift; path = AppDelegate.swift; sourceTree = "<group>"; };
		109E5A371D1A737F00C75828 /* ViewController.swift */ = {isa = PBXFileReference; lastKnownFileType = sourcecode.swift; path = ViewController.swift; sourceTree = "<group>"; };
		109E5A3C1D1A737F00C75828 /* Assets.xcassets */ = {isa = PBXFileReference; lastKnownFileType = folder.assetcatalog; path = Assets.xcassets; sourceTree = "<group>"; };
		109E5A3F1D1A737F00C75828 /* Base */ = {isa = PBXFileReference; lastKnownFileType = file.storyboard; name = Base; path = Base.lproj/LaunchScreen.storyboard; sourceTree = "<group>"; };
		109E5A411D1A737F00C75828 /* Info.plist */ = {isa = PBXFileReference; lastKnownFileType = text.plist.xml; path = Info.plist; sourceTree = "<group>"; };
		109E5A461D1A737F00C75828 /* calculatorTests.xctest */ = {isa = PBXFileReference; explicitFileType = wrapper.cfbundle; includeInIndex = 0; path = calculatorTests.xctest; sourceTree = BUILT_PRODUCTS_DIR; };
		109E5A4A1D1A737F00C75828 /* calculatorTests.swift */ = {isa = PBXFileReference; lastKnownFileType = sourcecode.swift; path = calculatorTests.swift; sourceTree = "<group>"; };
		109E5A4C1D1A737F00C75828 /* Info.plist */ = {isa = PBXFileReference; lastKnownFileType = text.plist.xml; path = Info.plist; sourceTree = "<group>"; };
		109E5A511D1A737F00C75828 /* calculatorUITests.xctest */ = {isa = PBXFileReference; explicitFileType = wrapper.cfbundle; includeInIndex = 0; path = calculatorUITests.xctest; sourceTree = BUILT_PRODUCTS_DIR; };
		109E5A551D1A737F00C75828 /* calculatorUITests.swift */ = {isa = PBXFileReference; lastKnownFileType = sourcecode.swift; path = calculatorUITests.swift; sourceTree = "<group>"; };
		109E5A571D1A737F00C75828 /* Info.plist */ = {isa = PBXFileReference; lastKnownFileType = text.plist.xml; path = Info.plist; sourceTree = "<group>"; };
		109E5A641D1A76D200C75828 /* Base */ = {isa = PBXFileReference; lastKnownFileType = file.storyboard; name = Base; path = Base.lproj/Main.storyboard; sourceTree = "<group>"; };
/* End PBXFileReference section */

/* Begin PBXFrameworksBuildPhase section */
		109E5A2F1D1A737F00C75828 /* Frameworks */ = {
			isa = PBXFrameworksBuildPhase;
			buildActionMask = 2147483647;
			files = (
			);
			runOnlyForDeploymentPostprocessing = 0;
		};
		109E5A431D1A737F00C75828 /* Frameworks */ = {
			isa = PBXFrameworksBuildPhase;
			buildActionMask = 2147483647;
			files = (
			);
			runOnlyForDeploymentPostprocessing = 0;
		};
		109E5A4E1D1A737F00C75828 /* Frameworks */ = {
			isa = PBXFrameworksBuildPhase;
			buildActionMask = 2147483647;
			files = (
			);
			runOnlyForDeploymentPostprocessing = 0;
		};
/* End PBXFrameworksBuildPhase section */

/* Begin PBXGroup section */
		109E5A291D1A737F00C75828 = {
			isa = PBXGroup;
			children = (
				109E5A341D1A737F00C75828 /* calculator */,
				109E5A491D1A737F00C75828 /* calculatorTests */,
				109E5A541D1A737F00C75828 /* calculatorUITests */,
				109E5A331D1A737F00C75828 /* Products */,
			);
			sourceTree = "<group>";
		};
		109E5A331D1A737F00C75828 /* Products */ = {
			isa = PBXGroup;
			children = (
				109E5A321D1A737F00C75828 /* calculator.app */,
				109E5A461D1A737F00C75828 /* calculatorTests.xctest */,
				109E5A511D1A737F00C75828 /* calculatorUITests.xctest */,
			);
			name = Products;
			sourceTree = "<group>";
		};
		109E5A341D1A737F00C75828 /* calculator */ = {
			isa = PBXGroup;
			children = (
				109E5A351D1A737F00C75828 /* AppDelegate.swift */,
				109E5A371D1A737F00C75828 /* ViewController.swift */,
				109E5A391D1A737F00C75828 /* Main.storyboard */,
				109E5A3C1D1A737F00C75828 /* Assets.xcassets */,
				109E5A3E1D1A737F00C75828 /* LaunchScreen.storyboard */,
				109E5A411D1A737F00C75828 /* Info.plist */,
			);
			path = calculator;
			sourceTree = "<group>";
		};
		109E5A491D1A737F00C75828 /* calculatorTests */ = {
			isa = PBXGroup;
			children = (
				109E5A4A1D1A737F00C75828 /* calculatorTests.swift */,
				109E5A4C1D1A737F00C75828 /* Info.plist */,
			);
			path = calculatorTests;
			sourceTree = "<group>";
		};
		109E5A541D1A737F00C75828 /* calculatorUITests */ = {
			isa = PBXGroup;
			children = (
				109E5A551D1A737F00C75828 /* calculatorUITests.swift */,
				109E5A571D1A737F00C75828 /* Info.plist */,
			);
			path = calculatorUITests;
			sourceTree = "<group>";
		};
/* End PBXGroup section */

/* Begin PBXNativeTarget section */
		109E5A311D1A737F00C75828 /* calculator */ = {
			isa = PBXNativeTarget;
			buildConfigurationList = 109E5A5A1D1A737F00C75828 /* Build configuration list for PBXNativeTarget "calculator" */;
			buildPhases = (
				109E5A2E1D1A737F00C75828 /* Sources */,
				109E5A2F1D1A737F00C75828 /* Frameworks */,
				109E5A301D1A737F00C75828 /* Resources */,
			);
			buildRules = (
			);
			dependencies = (
			);
			name = calculator;
			productName = calculator;
			productReference = 109E5A321D1A737F00C75828 /* calculator.app */;
			productType = "com.apple.product-type.application";
		};
		109E5A451D1A737F00C75828 /* calculatorTests */ = {
			isa = PBXNativeTarget;
			buildConfigurationList = 109E5A5D1D1A737F00C75828 /* Build configuration list for PBXNativeTarget "calculatorTests" */;
			buildPhases = (
				109E5A421D1A737F00C75828 /* Sources */,
				109E5A431D1A737F00C75828 /* Frameworks */,
				109E5A441D1A737F00C75828 /* Resources */,
			);
			buildRules = (
			);
			dependencies = (
				109E5A481D1A737F00C75828 /* PBXTargetDependency */,
			);
			name = calculatorTests;
			productName = calculatorTests;
			productReference = 109E5A461D1A737F00C75828 /* calculatorTests.xctest */;
			productType = "com.apple.product-type.bundle.unit-test";
		};
		109E5A501D1A737F00C75828 /* calculatorUITests */ = {
			isa = PBXNativeTarget;
			buildConfigurationList = 109E5A601D1A737F00C75828 /* Build configuration list for PBXNativeTarget "calculatorUITests" */;
			buildPhases = (
				109E5A4D1D1A737F00C75828 /* Sources */,
				109E5A4E1D1A737F00C75828 /* Frameworks */,
				109E5A4F1D1A737F00C75828 /* Resources */,
			);
			buildRules = (
			);
			dependencies = (
				109E5A531D1A737F00C75828 /* PBXTargetDependency */,
			);
			name = calculatorUITests;
			productName = calculatorUITests;
			productReference = 109E5A511D1A737F00C75828 /* calculatorUITests.xctest */;
			productType = "com.apple.product-type.bundle.ui-testing";
		};
/* End PBXNativeTarget section */

/* Begin PBXProject section */
		109E5A2A1D1A737F00C75828 /* Project object */ = {
			isa = PBXProject;
			attributes = {
				LastSwiftUpdateCheck = 0730;
				LastUpgradeCheck = 0730;
				ORGANIZATIONNAME = "梁爽";
				TargetAttributes = {
					109E5A311D1A737F00C75828 = {
						CreatedOnToolsVersion = 7.3.1;
					};
					109E5A451D1A737F00C75828 = {
						CreatedOnToolsVersion = 7.3.1;
						TestTargetID = 109E5A311D1A737F00C75828;
					};
					109E5A501D1A737F00C75828 = {
						CreatedOnToolsVersion = 7.3.1;
						TestTargetID = 109E5A311D1A737F00C75828;
					};
				};
			};
			buildConfigurationList = 109E5A2D1D1A737F00C75828 /* Build configuration list for PBXProject "calculator" */;
			compatibilityVersion = "Xcode 3.2";
			developmentRegion = English;
			hasScannedForEncodings = 0;
			knownRegions = (
				en,
				Base,
			);
			mainGroup = 109E5A291D1A737F00C75828;
			productRefGroup = 109E5A331D1A737F00C75828 /* Products */;
			projectDirPath = "";
			projectRoot = "";
			targets = (
				109E5A311D1A737F00C75828 /* calculator */,
				109E5A451D1A737F00C75828 /* calculatorTests */,
				109E5A501D1A737F00C75828 /* calculatorUITests */,
			);
		};
/* End PBXProject section */

/* Begin PBXResourcesBuildPhase section */
		109E5A301D1A737F00C75828 /* Resources */ = {
			isa = PBXResourcesBuildPhase;
			buildActionMask = 2147483647;
			files = (
				109E5A401D1A737F00C75828 /* LaunchScreen.storyboard in Resources */,
				109E5A3D1D1A737F00C75828 /* Assets.xcassets in Resources */,
				109E5A3B1D1A737F00C75828 /* Main.storyboard in Resources */,
			);
			runOnlyForDeploymentPostprocessing = 0;
		};
		109E5A441D1A737F00C75828 /* Resources */ = {
			isa = PBXResourcesBuildPhase;
			buildActionMask = 2147483647;
			files = (
			);
			runOnlyForDeploymentPostprocessing = 0;
		};
		109E5A4F1D1A737F00C75828 /* Resources */ = {
			isa = PBXResourcesBuildPhase;
			buildActionMask = 2147483647;
			files = (
			);
			runOnlyForDeploymentPostprocessing = 0;
		};
/* End PBXResourcesBuildPhase section */

/* Begin PBXSourcesBuildPhase section */
		109E5A2E1D1A737F00C75828 /* Sources */ = {
			isa = PBXSourcesBuildPhase;
			buildActionMask = 2147483647;
			files = (
				109E5A381D1A737F00C75828 /* ViewController.swift in Sources */,
				109E5A361D1A737F00C75828 /* AppDelegate.swift in Sources */,
			);
			runOnlyForDeploymentPostprocessing = 0;
		};
		109E5A421D1A737F00C75828 /* Sources */ = {
			isa = PBXSourcesBuildPhase;
			buildActionMask = 2147483647;
			files = (
				109E5A4B1D1A737F00C75828 /* calculatorTests.swift in Sources */,
			);
			runOnlyForDeploymentPostprocessing = 0;
		};
		109E5A4D1D1A737F00C75828 /* Sources */ = {
			isa = PBXSourcesBuildPhase;
			buildActionMask = 2147483647;
			files = (
				109E5A561D1A737F00C75828 /* calculatorUITests.swift in Sources */,
			);
			runOnlyForDeploymentPostprocessing = 0;
		};
/* End PBXSourcesBuildPhase section */

/* Begin PBXTargetDependency section */
		109E5A481D1A737F00C75828 /* PBXTargetDependency */ = {
			isa = PBXTargetDependency;
			target = 109E5A311D1A737F00C75828 /* calculator */;
			targetProxy = 109E5A471D1A737F00C75828 /* PBXContainerItemProxy */;
		};
		109E5A531D1A737F00C75828 /* PBXTargetDependency */ = {
			isa = PBXTargetDependency;
			target = 109E5A311D1A737F00C75828 /* calculator */;
			targetProxy = 109E5A521D1A737F00C75828 /* PBXContainerItemProxy */;
		};
/* End PBXTargetDependency section */

/* Begin PBXVariantGroup section */
		109E5A391D1A737F00C75828 /* Main.storyboard */ = {
			isa = PBXVariantGroup;
			children = (
				109E5A641D1A76D200C75828 /* Base */,
			);
			name = Main.storyboard;
			sourceTree = "<group>";
		};
		109E5A3E1D1A737F00C75828 /* LaunchScreen.storyboard */ = {
			isa = PBXVariantGroup;
			children = (
				109E5A3F1D1A737F00C75828 /* Base */,
			);
			name = LaunchScreen.storyboard;
			sourceTree = "<group>";
		};
/* End PBXVariantGroup section */

/* Begin XCBuildConfiguration section */
		109E5A581D1A737F00C75828 /* Debug */ = {
			isa = XCBuildConfiguration;
			buildSettings = {
				ALWAYS_SEARCH_USER_PATHS = NO;
				CLANG_ANALYZER_NONNULL = YES;
				CLANG_CXX_LANGUAGE_STANDARD = "gnu++0x";
				CLANG_CXX_LIBRARY = "libc++";
				CLANG_ENABLE_MODULES = YES;
				CLANG_ENABLE_OBJC_ARC = YES;
				CLANG_WARN_BOOL_CONVERSION = YES;
				CLANG_WARN_CONSTANT_CONVERSION = YES;
				CLANG_WARN_DIRECT_OBJC_ISA_USAGE = YES_ERROR;
				CLANG_WARN_EMPTY_BODY = YES;
				CLANG_WARN_ENUM_CONVERSION = YES;
				CLANG_WARN_INT_CONVERSION = YES;
				CLANG_WARN_OBJC_ROOT_CLASS = YES_ERROR;
				CLANG_WARN_UNREACHABLE_CODE = YES;
				CLANG_WARN__DUPLICATE_METHOD_MATCH = YES;
				"CODE_SIGN_IDENTITY[sdk=iphoneos*]" = "iPhone Developer";
				COPY_PHASE_STRIP = NO;
				DEBUG_INFORMATION_FORMAT = dwarf;
				ENABLE_STRICT_OBJC_MSGSEND = YES;
				ENABLE_TESTABILITY = YES;
				GCC_C_LANGUAGE_STANDARD = gnu99;
				GCC_DYNAMIC_NO_PIC = NO;
				GCC_NO_COMMON_BLOCKS = YES;
				GCC_OPTIMIZATION_LEVEL = 0;
				GCC_PREPROCESSOR_DEFINITIONS = (
					"DEBUG=1",
					"$(inherited)",
				);
				GCC_WARN_64_TO_32_BIT_CONVERSION = YES;
				GCC_WARN_ABOUT_RETURN_TYPE = YES_ERROR;
				GCC_WARN_UNDECLARED_SELECTOR = YES;
				GCC_WARN_UNINITIALIZED_AUTOS = YES_AGGRESSIVE;
				GCC_WARN_UNUSED_FUNCTION = YES;
				GCC_WARN_UNUSED_VARIABLE = YES;
				IPHONEOS_DEPLOYMENT_TARGET = 9.3;
				MTL_ENABLE_DEBUG_INFO = YES;
				ONLY_ACTIVE_ARCH = YES;
				SDKROOT = iphoneos;
				SWIFT_OPTIMIZATION_LEVEL = "-Onone";
			};
			name = Debug;
		};
		109E5A591D1A737F00C75828 /* Release */ = {
			isa = XCBuildConfiguration;
			buildSettings = {
				ALWAYS_SEARCH_USER_PATHS = NO;
				CLANG_ANALYZER_NONNULL = YES;
				CLANG_CXX_LANGUAGE_STANDARD = "gnu++0x";
				CLANG_CXX_LIBRARY = "libc++";
				CLANG_ENABLE_MODULES = YES;
				CLANG_ENABLE_OBJC_ARC = YES;
				CLANG_WARN_BOOL_CONVERSION = YES;
				CLANG_WARN_CONSTANT_CONVERSION = YES;
				CLANG_WARN_DIRECT_OBJC_ISA_USAGE = YES_ERROR;
				CLANG_WARN_EMPTY_BODY = YES;
				CLANG_WARN_ENUM_CONVERSION = YES;
				CLANG_WARN_INT_CONVERSION = YES;
				CLANG_WARN_OBJC_ROOT_CLASS = YES_ERROR;
				CLANG_WARN_UNREACHABLE_CODE = YES;
				CLANG_WARN__DUPLICATE_METHOD_MATCH = YES;
				"CODE_SIGN_IDENTITY[sdk=iphoneos*]" = "iPhone Developer";
				COPY_PHASE_STRIP = NO;
				DEBUG_INFORMATION_FORMAT = "dwarf-with-dsym";
				ENABLE_NS_ASSERTIONS = NO;
				ENABLE_STRICT_OBJC_MSGSEND = YES;
				GCC_C_LANGUAGE_STANDARD = gnu99;
				GCC_NO_COMMON_BLOCKS = YES;
				GCC_WARN_64_TO_32_BIT_CONVERSION = YES;
				GCC_WARN_ABOUT_RETURN_TYPE = YES_ERROR;
				GCC_WARN_UNDECLARED_SELECTOR = YES;
				GCC_WARN_UNINITIALIZED_AUTOS = YES_AGGRESSIVE;
				GCC_WARN_UNUSED_FUNCTION = YES;
				GCC_WARN_UNUSED_VARIABLE = YES;
				IPHONEOS_DEPLOYMENT_TARGET = 9.3;
				MTL_ENABLE_DEBUG_INFO = NO;
				SDKROOT = iphoneos;
				VALIDATE_PRODUCT = YES;
			};
			name = Release;
		};
		109E5A5B1D1A737F00C75828 /* Debug */ = {
			isa = XCBuildConfiguration;
			buildSettings = {
				ASSETCATALOG_COMPILER_APPICON_NAME = AppIcon;
				INFOPLIST_FILE = calculator/Info.plist;
				LD_RUNPATH_SEARCH_PATHS = "$(inherited) @executable_path/Frameworks";
				PRODUCT_BUNDLE_IDENTIFIER = ls.calculator;
				PRODUCT_NAME = "$(TARGET_NAME)";
			};
			name = Debug;
		};
		109E5A5C1D1A737F00C75828 /* Release */ = {
			isa = XCBuildConfiguration;
			buildSettings = {
				ASSETCATALOG_COMPILER_APPICON_NAME = AppIcon;
				INFOPLIST_FILE = calculator/Info.plist;
				LD_RUNPATH_SEARCH_PATHS = "$(inherited) @executable_path/Frameworks";
				PRODUCT_BUNDLE_IDENTIFIER = ls.calculator;
				PRODUCT_NAME = "$(TARGET_NAME)";
			};
			name = Release;
		};
		109E5A5E1D1A737F00C75828 /* Debug */ = {
			isa = XCBuildConfiguration;
			buildSettings = {
				BUNDLE_LOADER = "$(TEST_HOST)";
				INFOPLIST_FILE = calculatorTests/Info.plist;
				LD_RUNPATH_SEARCH_PATHS = "$(inherited) @executable_path/Frameworks @loader_path/Frameworks";
				PRODUCT_BUNDLE_IDENTIFIER = ls.calculatorTests;
				PRODUCT_NAME = "$(TARGET_NAME)";
				TEST_HOST = "$(BUILT_PRODUCTS_DIR)/calculator.app/calculator";
			};
			name = Debug;
		};
		109E5A5F1D1A737F00C75828 /* Release */ = {
			isa = XCBuildConfiguration;
			buildSettings = {
				BUNDLE_LOADER = "$(TEST_HOST)";
				INFOPLIST_FILE = calculatorTests/Info.plist;
				LD_RUNPATH_SEARCH_PATHS = "$(inherited) @executable_path/Frameworks @loader_path/Frameworks";
				PRODUCT_BUNDLE_IDENTIFIER = ls.calculatorTests;
				PRODUCT_NAME = "$(TARGET_NAME)";
				TEST_HOST = "$(BUILT_PRODUCTS_DIR)/calculator.app/calculator";
			};
			name = Release;
		};
		109E5A611D1A737F00C75828 /* Debug */ = {
			isa = XCBuildConfiguration;
			buildSettings = {
				INFOPLIST_FILE = calculatorUITests/Info.plist;
				LD_RUNPATH_SEARCH_PATHS = "$(inherited) @executable_path/Frameworks @loader_path/Frameworks";
				PRODUCT_BUNDLE_IDENTIFIER = ls.calculatorUITests;
				PRODUCT_NAME = "$(TARGET_NAME)";
				TEST_TARGET_NAME = calculator;
			};
			name = Debug;
		};
		109E5A621D1A737F00C75828 /* Release */ = {
			isa = XCBuildConfiguration;
			buildSettings = {
				INFOPLIST_FILE = calculatorUITests/Info.plist;
				LD_RUNPATH_SEARCH_PATHS = "$(inherited) @executable_path/Frameworks @loader_path/Frameworks";
				PRODUCT_BUNDLE_IDENTIFIER = ls.calculatorUITests;
				PRODUCT_NAME = "$(TARGET_NAME)";
				TEST_TARGET_NAME = calculator;
			};
			name = Release;
		};
/* End XCBuildConfiguration section */

/* Begin XCConfigurationList section */
		109E5A2D1D1A737F00C75828 /* Build configuration list for PBXProject "calculator" */ = {
			isa = XCConfigurationList;
			buildConfigurations = (
				109E5A581D1A737F00C75828 /* Debug */,
				109E5A591D1A737F00C75828 /* Release */,
			);
			defaultConfigurationIsVisible = 0;
			defaultConfigurationName = Release;
		};
		109E5A5A1D1A737F00C75828 /* Build configuration list for PBXNativeTarget "calculator" */ = {
			isa = XCConfigurationList;
			buildConfigurations = (
				109E5A5B1D1A737F00C75828 /* Debug */,
				109E5A5C1D1A737F00C75828 /* Release */,
			);
			defaultConfigurationIsVisible = 0;
		};
		109E5A5D1D1A737F00C75828 /* Build configuration list for PBXNativeTarget "calculatorTests" */ = {
			isa = XCConfigurationList;
			buildConfigurations = (
				109E5A5E1D1A737F00C75828 /* Debug */,
				109E5A5F1D1A737F00C75828 /* Release */,
			);
			defaultConfigurationIsVisible = 0;
		};
		109E5A601D1A737F00C75828 /* Build configuration list for PBXNativeTarget "calculatorUITests" */ = {
			isa = XCConfigurationList;
			buildConfigurations = (
				109E5A611D1A737F00C75828 /* Debug */,
				109E5A621D1A737F00C75828 /* Release */,
			);
			defaultConfigurationIsVisible = 0;
		};
/* End XCConfigurationList section */
	};
	rootObject = 109E5A2A1D1A737F00C75828 /* Project object */;
}
